// !$*UTF8*$!
{
	archiveVersion = 1;
	classes = {
	};
	objectVersion = 46;
	objects = {

/* Begin PBXBuildFile section */
		7E1599821DC1018400262AE9 /* AppDelegate.swift in Sources */ = {isa = PBXBuildFile; fileRef = 7E1599811DC1018400262AE9 /* AppDelegate.swift */; };
		7E1599871DC1018400262AE9 /* Main.storyboard in Resources */ = {isa = PBXBuildFile; fileRef = 7E1599851DC1018400262AE9 /* Main.storyboard */; };
		7E1599891DC1018400262AE9 /* Assets.xcassets in Resources */ = {isa = PBXBuildFile; fileRef = 7E1599881DC1018400262AE9 /* Assets.xcassets */; };
		7E15998C1DC1018400262AE9 /* LaunchScreen.storyboard in Resources */ = {isa = PBXBuildFile; fileRef = 7E15998A1DC1018400262AE9 /* LaunchScreen.storyboard */; };
		7E1599951DC101C000262AE9 /* LGProgressHUD.swift in Sources */ = {isa = PBXBuildFile; fileRef = 7E1599941DC101C000262AE9 /* LGProgressHUD.swift */; };
		7E1599CC1DC10E8200262AE9 /* add_friend.png in Resources */ = {isa = PBXBuildFile; fileRef = 7E1599971DC10E8200262AE9 /* add_friend.png */; };
		7E1599CD1DC10E8200262AE9 /* add_friend@2x.png in Resources */ = {isa = PBXBuildFile; fileRef = 7E1599981DC10E8200262AE9 /* add_friend@2x.png */; };
		7E1599CE1DC10E8200262AE9 /* add_friend@3x.png in Resources */ = {isa = PBXBuildFile; fileRef = 7E1599991DC10E8200262AE9 /* add_friend@3x.png */; };
		7E1599CF1DC10E8200262AE9 /* backbtn.png in Resources */ = {isa = PBXBuildFile; fileRef = 7E15999A1DC10E8200262AE9 /* backbtn.png */; };
		7E1599D01DC10E8200262AE9 /* backbtn@2x.png in Resources */ = {isa = PBXBuildFile; fileRef = 7E15999B1DC10E8200262AE9 /* backbtn@2x.png */; };
		7E1599D11DC10E8200262AE9 /* cart.png in Resources */ = {isa = PBXBuildFile; fileRef = 7E15999C1DC10E8200262AE9 /* cart.png */; };
		7E1599D21DC10E8200262AE9 /* cart@2x.png in Resources */ = {isa = PBXBuildFile; fileRef = 7E15999D1DC10E8200262AE9 /* cart@2x.png */; };
		7E1599D31DC10E8200262AE9 /* cart@3x.png in Resources */ = {isa = PBXBuildFile; fileRef = 7E15999E1DC10E8200262AE9 /* cart@3x.png */; };
		7E1599D41DC10E8200262AE9 /* checked.png in Resources */ = {isa = PBXBuildFile; fileRef = 7E15999F1DC10E8200262AE9 /* checked.png */; };
		7E1599D51DC10E8200262AE9 /* checked@2x.png in Resources */ = {isa = PBXBuildFile; fileRef = 7E1599A01DC10E8200262AE9 /* checked@2x.png */; };
		7E1599D61DC10E8200262AE9 /* checked@3x.png in Resources */ = {isa = PBXBuildFile; fileRef = 7E1599A11DC10E8200262AE9 /* checked@3x.png */; };
		7E1599D71DC10E8200262AE9 /* confirm.png in Resources */ = {isa = PBXBuildFile; fileRef = 7E1599A21DC10E8200262AE9 /* confirm.png */; };
		7E1599D81DC10E8200262AE9 /* confirm@2x.png in Resources */ = {isa = PBXBuildFile; fileRef = 7E1599A31DC10E8200262AE9 /* confirm@2x.png */; };
		7E1599D91DC10E8200262AE9 /* confirm@3x.png in Resources */ = {isa = PBXBuildFile; fileRef = 7E1599A41DC10E8200262AE9 /* confirm@3x.png */; };
		7E1599DA1DC10E8200262AE9 /* favfull.png in Resources */ = {isa = PBXBuildFile; fileRef = 7E1599A51DC10E8200262AE9 /* favfull.png */; };
		7E1599DB1DC10E8200262AE9 /* favfull@2x.png in Resources */ = {isa = PBXBuildFile; fileRef = 7E1599A61DC10E8200262AE9 /* favfull@2x.png */; };
		7E1599DC1DC10E8200262AE9 /* favfull@3x.png in Resources */ = {isa = PBXBuildFile; fileRef = 7E1599A71DC10E8200262AE9 /* favfull@3x.png */; };
		7E1599DD1DC10E8200262AE9 /* favicon.png in Resources */ = {isa = PBXBuildFile; fileRef = 7E1599A81DC10E8200262AE9 /* favicon.png */; };
		7E1599DE1DC10E8200262AE9 /* favicon@2x.png in Resources */ = {isa = PBXBuildFile; fileRef = 7E1599A91DC10E8200262AE9 /* favicon@2x.png */; };
		7E1599DF1DC10E8200262AE9 /* favicon@3x.png in Resources */ = {isa = PBXBuildFile; fileRef = 7E1599AA1DC10E8200262AE9 /* favicon@3x.png */; };
		7E1599E01DC10E8200262AE9 /* goods.png in Resources */ = {isa = PBXBuildFile; fileRef = 7E1599AB1DC10E8200262AE9 /* goods.png */; };
		7E1599E11DC10E8200262AE9 /* goods@2x.png in Resources */ = {isa = PBXBuildFile; fileRef = 7E1599AC1DC10E8200262AE9 /* goods@2x.png */; };
		7E1599E21DC10E8200262AE9 /* goods@3x.png in Resources */ = {isa = PBXBuildFile; fileRef = 7E1599AD1DC10E8200262AE9 /* goods@3x.png */; };
		7E1599E31DC10E8200262AE9 /* gray_circle.png in Resources */ = {isa = PBXBuildFile; fileRef = 7E1599AE1DC10E8200262AE9 /* gray_circle.png */; };
		7E1599E41DC10E8200262AE9 /* gray_circle@2x.png in Resources */ = {isa = PBXBuildFile; fileRef = 7E1599AF1DC10E8200262AE9 /* gray_circle@2x.png */; };
		7E1599E51DC10E8200262AE9 /* gray_circle@3x.png in Resources */ = {isa = PBXBuildFile; fileRef = 7E1599B01DC10E8200262AE9 /* gray_circle@3x.png */; };
		7E1599E61DC10E8200262AE9 /* home.png in Resources */ = {isa = PBXBuildFile; fileRef = 7E1599B11DC10E8200262AE9 /* home.png */; };
		7E1599E71DC10E8200262AE9 /* home@2x.png in Resources */ = {isa = PBXBuildFile; fileRef = 7E1599B21DC10E8200262AE9 /* home@2x.png */; };
		7E1599E81DC10E8200262AE9 /* home@3x.png in Resources */ = {isa = PBXBuildFile; fileRef = 7E1599B31DC10E8200262AE9 /* home@3x.png */; };
		7E1599E91DC10E8200262AE9 /* pick_bg.png in Resources */ = {isa = PBXBuildFile; fileRef = 7E1599B41DC10E8200262AE9 /* pick_bg.png */; };
		7E1599EA1DC10E8200262AE9 /* pick_bg@2x.png in Resources */ = {isa = PBXBuildFile; fileRef = 7E1599B51DC10E8200262AE9 /* pick_bg@2x.png */; };
		7E1599EB1DC10E8200262AE9 /* pick_bg@3x.png in Resources */ = {isa = PBXBuildFile; fileRef = 7E1599B61DC10E8200262AE9 /* pick_bg@3x.png */; };
		7E1599EC1DC10E8200262AE9 /* quanicon.png in Resources */ = {isa = PBXBuildFile; fileRef = 7E1599B71DC10E8200262AE9 /* quanicon.png */; };
		7E1599ED1DC10E8200262AE9 /* quanicon@2x.png in Resources */ = {isa = PBXBuildFile; fileRef = 7E1599B81DC10E8200262AE9 /* quanicon@2x.png */; };
		7E1599EE1DC10E8200262AE9 /* quanicon@3x.png in Resources */ = {isa = PBXBuildFile; fileRef = 7E1599B91DC10E8200262AE9 /* quanicon@3x.png */; };
		7E1599EF1DC10E8200262AE9 /* remove_friend.png in Resources */ = {isa = PBXBuildFile; fileRef = 7E1599BA1DC10E8200262AE9 /* remove_friend.png */; };
		7E1599F01DC10E8200262AE9 /* remove_friend@2x.png in Resources */ = {isa = PBXBuildFile; fileRef = 7E1599BB1DC10E8200262AE9 /* remove_friend@2x.png */; };
		7E1599F11DC10E8200262AE9 /* remove_friend@3x.png in Resources */ = {isa = PBXBuildFile; fileRef = 7E1599BC1DC10E8200262AE9 /* remove_friend@3x.png */; };
		7E1599F21DC10E8200262AE9 /* share.png in Resources */ = {isa = PBXBuildFile; fileRef = 7E1599BD1DC10E8200262AE9 /* share.png */; };
		7E1599F31DC10E8200262AE9 /* share@2x.png in Resources */ = {isa = PBXBuildFile; fileRef = 7E1599BE1DC10E8200262AE9 /* share@2x.png */; };
		7E1599F41DC10E8200262AE9 /* share@3x.png in Resources */ = {isa = PBXBuildFile; fileRef = 7E1599BF1DC10E8200262AE9 /* share@3x.png */; };
		7E1599F51DC10E8200262AE9 /* star-empty.png in Resources */ = {isa = PBXBuildFile; fileRef = 7E1599C01DC10E8200262AE9 /* star-empty.png */; };
		7E1599F61DC10E8200262AE9 /* star-empty@2x.png in Resources */ = {isa = PBXBuildFile; fileRef = 7E1599C11DC10E8200262AE9 /* star-empty@2x.png */; };
		7E1599F71DC10E8200262AE9 /* star-full.png in Resources */ = {isa = PBXBuildFile; fileRef = 7E1599C21DC10E8200262AE9 /* star-full.png */; };
		7E1599F81DC10E8200262AE9 /* star-full@2x.png in Resources */ = {isa = PBXBuildFile; fileRef = 7E1599C31DC10E8200262AE9 /* star-full@2x.png */; };
		7E1599F91DC10E8200262AE9 /* tablearrow.png in Resources */ = {isa = PBXBuildFile; fileRef = 7E1599C41DC10E8200262AE9 /* tablearrow.png */; };
		7E1599FA1DC10E8200262AE9 /* tablearrow@2x.png in Resources */ = {isa = PBXBuildFile; fileRef = 7E1599C51DC10E8200262AE9 /* tablearrow@2x.png */; };
		7E1599FB1DC10E8200262AE9 /* tablearrow@3x.png in Resources */ = {isa = PBXBuildFile; fileRef = 7E1599C61DC10E8200262AE9 /* tablearrow@3x.png */; };
		7E1599FC1DC10E8200262AE9 /* uncheck.png in Resources */ = {isa = PBXBuildFile; fileRef = 7E1599C71DC10E8200262AE9 /* uncheck.png */; };
		7E1599FD1DC10E8200262AE9 /* uncheck@2x.png in Resources */ = {isa = PBXBuildFile; fileRef = 7E1599C81DC10E8200262AE9 /* uncheck@2x.png */; };
		7E1599FE1DC10E8200262AE9 /* uncheck@3x.png in Resources */ = {isa = PBXBuildFile; fileRef = 7E1599C91DC10E8200262AE9 /* uncheck@3x.png */; };
		7E1599FF1DC10E8200262AE9 /* uparrow.png in Resources */ = {isa = PBXBuildFile; fileRef = 7E1599CA1DC10E8200262AE9 /* uparrow.png */; };
		7E159A001DC10E8200262AE9 /* uparrow@2x.png in Resources */ = {isa = PBXBuildFile; fileRef = 7E1599CB1DC10E8200262AE9 /* uparrow@2x.png */; };
		7EAF9C251DC11B910009E706 /* MainVC.swift in Sources */ = {isa = PBXBuildFile; fileRef = 7EAF9C241DC11B910009E706 /* MainVC.swift */; };
		7EAF9C3E1DC1323C0009E706 /* NewsVC.swift in Sources */ = {isa = PBXBuildFile; fileRef = 7EAF9C3C1DC1323C0009E706 /* NewsVC.swift */; };
		7EAF9C3F1DC1323C0009E706 /* NewsVC.xib in Resources */ = {isa = PBXBuildFile; fileRef = 7EAF9C3D1DC1323C0009E706 /* NewsVC.xib */; };
		7EAF9C421DC132640009E706 /* DiscountVC.swift in Sources */ = {isa = PBXBuildFile; fileRef = 7EAF9C401DC132640009E706 /* DiscountVC.swift */; };
		7EAF9C431DC132640009E706 /* DiscountVC.xib in Resources */ = {isa = PBXBuildFile; fileRef = 7EAF9C411DC132640009E706 /* DiscountVC.xib */; };
		7EAF9C461DC132740009E706 /* HomeVC.swift in Sources */ = {isa = PBXBuildFile; fileRef = 7EAF9C441DC132740009E706 /* HomeVC.swift */; };
		7EAF9C471DC132740009E706 /* HomeVC.xib in Resources */ = {isa = PBXBuildFile; fileRef = 7EAF9C451DC132740009E706 /* HomeVC.xib */; };
		7EAF9C4A1DC1328A0009E706 /* WishlistVC.swift in Sources */ = {isa = PBXBuildFile; fileRef = 7EAF9C481DC1328A0009E706 /* WishlistVC.swift */; };
		7EAF9C4B1DC1328A0009E706 /* WishlistVC.xib in Resources */ = {isa = PBXBuildFile; fileRef = 7EAF9C491DC1328A0009E706 /* WishlistVC.xib */; };
		7EAF9C4E1DC132990009E706 /* SettingsVC.swift in Sources */ = {isa = PBXBuildFile; fileRef = 7EAF9C4C1DC132990009E706 /* SettingsVC.swift */; };
		7EAF9C4F1DC132990009E706 /* SettingsVC.xib in Resources */ = {isa = PBXBuildFile; fileRef = 7EAF9C4D1DC132990009E706 /* SettingsVC.xib */; };
		7EAF9C511DC139040009E706 /* round.png in Resources */ = {isa = PBXBuildFile; fileRef = 7EAF9C501DC139040009E706 /* round.png */; };
/* End PBXBuildFile section */

/* Begin PBXFileReference section */
		7E15997E1DC1018400262AE9 /* WAH Kiosk.app */ = {isa = PBXFileReference; explicitFileType = wrapper.application; includeInIndex = 0; path = "WAH Kiosk.app"; sourceTree = BUILT_PRODUCTS_DIR; };
		7E1599811DC1018400262AE9 /* AppDelegate.swift */ = {isa = PBXFileReference; lastKnownFileType = sourcecode.swift; path = AppDelegate.swift; sourceTree = "<group>"; };
		7E1599861DC1018400262AE9 /* Base */ = {isa = PBXFileReference; lastKnownFileType = file.storyboard; name = Base; path = Base.lproj/Main.storyboard; sourceTree = "<group>"; };
		7E1599881DC1018400262AE9 /* Assets.xcassets */ = {isa = PBXFileReference; lastKnownFileType = folder.assetcatalog; path = Assets.xcassets; sourceTree = "<group>"; };
		7E15998B1DC1018400262AE9 /* Base */ = {isa = PBXFileReference; lastKnownFileType = file.storyboard; name = Base; path = Base.lproj/LaunchScreen.storyboard; sourceTree = "<group>"; };
		7E15998D1DC1018400262AE9 /* Info.plist */ = {isa = PBXFileReference; lastKnownFileType = text.plist.xml; path = Info.plist; sourceTree = "<group>"; };
		7E1599941DC101C000262AE9 /* LGProgressHUD.swift */ = {isa = PBXFileReference; fileEncoding = 4; lastKnownFileType = sourcecode.swift; path = LGProgressHUD.swift; sourceTree = "<group>"; };
		7E1599971DC10E8200262AE9 /* add_friend.png */ = {isa = PBXFileReference; lastKnownFileType = image.png; path = add_friend.png; sourceTree = "<group>"; };
		7E1599981DC10E8200262AE9 /* add_friend@2x.png */ = {isa = PBXFileReference; lastKnownFileType = image.png; path = "add_friend@2x.png"; sourceTree = "<group>"; };
		7E1599991DC10E8200262AE9 /* add_friend@3x.png */ = {isa = PBXFileReference; lastKnownFileType = image.png; path = "add_friend@3x.png"; sourceTree = "<group>"; };
		7E15999A1DC10E8200262AE9 /* backbtn.png */ = {isa = PBXFileReference; lastKnownFileType = image.png; path = backbtn.png; sourceTree = "<group>"; };
		7E15999B1DC10E8200262AE9 /* backbtn@2x.png */ = {isa = PBXFileReference; lastKnownFileType = image.png; path = "backbtn@2x.png"; sourceTree = "<group>"; };
		7E15999C1DC10E8200262AE9 /* cart.png */ = {isa = PBXFileReference; lastKnownFileType = image.png; path = cart.png; sourceTree = "<group>"; };
		7E15999D1DC10E8200262AE9 /* cart@2x.png */ = {isa = PBXFileReference; lastKnownFileType = image.png; path = "cart@2x.png"; sourceTree = "<group>"; };
		7E15999E1DC10E8200262AE9 /* cart@3x.png */ = {isa = PBXFileReference; lastKnownFileType = image.png; path = "cart@3x.png"; sourceTree = "<group>"; };
		7E15999F1DC10E8200262AE9 /* checked.png */ = {isa = PBXFileReference; lastKnownFileType = image.png; path = checked.png; sourceTree = "<group>"; };
		7E1599A01DC10E8200262AE9 /* checked@2x.png */ = {isa = PBXFileReference; lastKnownFileType = image.png; path = "checked@2x.png"; sourceTree = "<group>"; };
		7E1599A11DC10E8200262AE9 /* checked@3x.png */ = {isa = PBXFileReference; lastKnownFileType = image.png; path = "checked@3x.png"; sourceTree = "<group>"; };
		7E1599A21DC10E8200262AE9 /* confirm.png */ = {isa = PBXFileReference; lastKnownFileType = image.png; path = confirm.png; sourceTree = "<group>"; };
		7E1599A31DC10E8200262AE9 /* confirm@2x.png */ = {isa = PBXFileReference; lastKnownFileType = image.png; path = "confirm@2x.png"; sourceTree = "<group>"; };
		7E1599A41DC10E8200262AE9 /* confirm@3x.png */ = {isa = PBXFileReference; lastKnownFileType = image.png; path = "confirm@3x.png"; sourceTree = "<group>"; };
		7E1599A51DC10E8200262AE9 /* favfull.png */ = {isa = PBXFileReference; lastKnownFileType = image.png; path = favfull.png; sourceTree = "<group>"; };
		7E1599A61DC10E8200262AE9 /* favfull@2x.png */ = {isa = PBXFileReference; lastKnownFileType = image.png; path = "favfull@2x.png"; sourceTree = "<group>"; };
		7E1599A71DC10E8200262AE9 /* favfull@3x.png */ = {isa = PBXFileReference; lastKnownFileType = image.png; path = "favfull@3x.png"; sourceTree = "<group>"; };
		7E1599A81DC10E8200262AE9 /* favicon.png */ = {isa = PBXFileReference; lastKnownFileType = image.png; path = favicon.png; sourceTree = "<group>"; };
		7E1599A91DC10E8200262AE9 /* favicon@2x.png */ = {isa = PBXFileReference; lastKnownFileType = image.png; path = "favicon@2x.png"; sourceTree = "<group>"; };
		7E1599AA1DC10E8200262AE9 /* favicon@3x.png */ = {isa = PBXFileReference; lastKnownFileType = image.png; path = "favicon@3x.png"; sourceTree = "<group>"; };
		7E1599AB1DC10E8200262AE9 /* goods.png */ = {isa = PBXFileReference; lastKnownFileType = image.png; path = goods.png; sourceTree = "<group>"; };
		7E1599AC1DC10E8200262AE9 /* goods@2x.png */ = {isa = PBXFileReference; lastKnownFileType = image.png; path = "goods@2x.png"; sourceTree = "<group>"; };
		7E1599AD1DC10E8200262AE9 /* goods@3x.png */ = {isa = PBXFileReference; lastKnownFileType = image.png; path = "goods@3x.png"; sourceTree = "<group>"; };
		7E1599AE1DC10E8200262AE9 /* gray_circle.png */ = {isa = PBXFileReference; lastKnownFileType = image.png; path = gray_circle.png; sourceTree = "<group>"; };
		7E1599AF1DC10E8200262AE9 /* gray_circle@2x.png */ = {isa = PBXFileReference; lastKnownFileType = image.png; path = "gray_circle@2x.png"; sourceTree = "<group>"; };
		7E1599B01DC10E8200262AE9 /* gray_circle@3x.png */ = {isa = PBXFileReference; lastKnownFileType = image.png; path = "gray_circle@3x.png"; sourceTree = "<group>"; };
		7E1599B11DC10E8200262AE9 /* home.png */ = {isa = PBXFileReference; lastKnownFileType = image.png; path = home.png; sourceTree = "<group>"; };
		7E1599B21DC10E8200262AE9 /* home@2x.png */ = {isa = PBXFileReference; lastKnownFileType = image.png; path = "home@2x.png"; sourceTree = "<group>"; };
		7E1599B31DC10E8200262AE9 /* home@3x.png */ = {isa = PBXFileReference; lastKnownFileType = image.png; path = "home@3x.png"; sourceTree = "<group>"; };
		7E1599B41DC10E8200262AE9 /* pick_bg.png */ = {isa = PBXFileReference; lastKnownFileType = image.png; path = pick_bg.png; sourceTree = "<group>"; };
		7E1599B51DC10E8200262AE9 /* pick_bg@2x.png */ = {isa = PBXFileReference; lastKnownFileType = image.png; path = "pick_bg@2x.png"; sourceTree = "<group>"; };
		7E1599B61DC10E8200262AE9 /* pick_bg@3x.png */ = {isa = PBXFileReference; lastKnownFileType = image.png; path = "pick_bg@3x.png"; sourceTree = "<group>"; };
		7E1599B71DC10E8200262AE9 /* quanicon.png */ = {isa = PBXFileReference; lastKnownFileType = image.png; path = quanicon.png; sourceTree = "<group>"; };
		7E1599B81DC10E8200262AE9 /* quanicon@2x.png */ = {isa = PBXFileReference; lastKnownFileType = image.png; path = "quanicon@2x.png"; sourceTree = "<group>"; };
		7E1599B91DC10E8200262AE9 /* quanicon@3x.png */ = {isa = PBXFileReference; lastKnownFileType = image.png; path = "quanicon@3x.png"; sourceTree = "<group>"; };
		7E1599BA1DC10E8200262AE9 /* remove_friend.png */ = {isa = PBXFileReference; lastKnownFileType = image.png; path = remove_friend.png; sourceTree = "<group>"; };
		7E1599BB1DC10E8200262AE9 /* remove_friend@2x.png */ = {isa = PBXFileReference; lastKnownFileType = image.png; path = "remove_friend@2x.png"; sourceTree = "<group>"; };
		7E1599BC1DC10E8200262AE9 /* remove_friend@3x.png */ = {isa = PBXFileReference; lastKnownFileType = image.png; path = "remove_friend@3x.png"; sourceTree = "<group>"; };
		7E1599BD1DC10E8200262AE9 /* share.png */ = {isa = PBXFileReference; lastKnownFileType = image.png; path = share.png; sourceTree = "<group>"; };
		7E1599BE1DC10E8200262AE9 /* share@2x.png */ = {isa = PBXFileReference; lastKnownFileType = image.png; path = "share@2x.png"; sourceTree = "<group>"; };
		7E1599BF1DC10E8200262AE9 /* share@3x.png */ = {isa = PBXFileReference; lastKnownFileType = image.png; path = "share@3x.png"; sourceTree = "<group>"; };
		7E1599C01DC10E8200262AE9 /* star-empty.png */ = {isa = PBXFileReference; lastKnownFileType = image.png; path = "star-empty.png"; sourceTree = "<group>"; };
		7E1599C11DC10E8200262AE9 /* star-empty@2x.png */ = {isa = PBXFileReference; lastKnownFileType = image.png; path = "star-empty@2x.png"; sourceTree = "<group>"; };
		7E1599C21DC10E8200262AE9 /* star-full.png */ = {isa = PBXFileReference; lastKnownFileType = image.png; path = "star-full.png"; sourceTree = "<group>"; };
		7E1599C31DC10E8200262AE9 /* star-full@2x.png */ = {isa = PBXFileReference; lastKnownFileType = image.png; path = "star-full@2x.png"; sourceTree = "<group>"; };
		7E1599C41DC10E8200262AE9 /* tablearrow.png */ = {isa = PBXFileReference; lastKnownFileType = image.png; path = tablearrow.png; sourceTree = "<group>"; };
		7E1599C51DC10E8200262AE9 /* tablearrow@2x.png */ = {isa = PBXFileReference; lastKnownFileType = image.png; path = "tablearrow@2x.png"; sourceTree = "<group>"; };
		7E1599C61DC10E8200262AE9 /* tablearrow@3x.png */ = {isa = PBXFileReference; lastKnownFileType = image.png; path = "tablearrow@3x.png"; sourceTree = "<group>"; };
		7E1599C71DC10E8200262AE9 /* uncheck.png */ = {isa = PBXFileReference; lastKnownFileType = image.png; path = uncheck.png; sourceTree = "<group>"; };
		7E1599C81DC10E8200262AE9 /* uncheck@2x.png */ = {isa = PBXFileReference; lastKnownFileType = image.png; path = "uncheck@2x.png"; sourceTree = "<group>"; };
		7E1599C91DC10E8200262AE9 /* uncheck@3x.png */ = {isa = PBXFileReference; lastKnownFileType = image.png; path = "uncheck@3x.png"; sourceTree = "<group>"; };
		7E1599CA1DC10E8200262AE9 /* uparrow.png */ = {isa = PBXFileReference; lastKnownFileType = image.png; path = uparrow.png; sourceTree = "<group>"; };
		7E1599CB1DC10E8200262AE9 /* uparrow@2x.png */ = {isa = PBXFileReference; lastKnownFileType = image.png; path = "uparrow@2x.png"; sourceTree = "<group>"; };
		7EAF9C241DC11B910009E706 /* MainVC.swift */ = {isa = PBXFileReference; fileEncoding = 4; lastKnownFileType = sourcecode.swift; path = MainVC.swift; sourceTree = "<group>"; };
		7EAF9C3C1DC1323C0009E706 /* NewsVC.swift */ = {isa = PBXFileReference; fileEncoding = 4; lastKnownFileType = sourcecode.swift; path = NewsVC.swift; sourceTree = "<group>"; };
		7EAF9C3D1DC1323C0009E706 /* NewsVC.xib */ = {isa = PBXFileReference; fileEncoding = 4; lastKnownFileType = file.xib; name = NewsVC.xib; path = ../Controller/NewsVC.xib; sourceTree = "<group>"; };
		7EAF9C401DC132640009E706 /* DiscountVC.swift */ = {isa = PBXFileReference; fileEncoding = 4; lastKnownFileType = sourcecode.swift; path = DiscountVC.swift; sourceTree = "<group>"; };
		7EAF9C411DC132640009E706 /* DiscountVC.xib */ = {isa = PBXFileReference; fileEncoding = 4; lastKnownFileType = file.xib; name = DiscountVC.xib; path = ../Controller/DiscountVC.xib; sourceTree = "<group>"; };
		7EAF9C441DC132740009E706 /* HomeVC.swift */ = {isa = PBXFileReference; fileEncoding = 4; lastKnownFileType = sourcecode.swift; path = HomeVC.swift; sourceTree = "<group>"; };
		7EAF9C451DC132740009E706 /* HomeVC.xib */ = {isa = PBXFileReference; fileEncoding = 4; lastKnownFileType = file.xib; name = HomeVC.xib; path = ../Controller/HomeVC.xib; sourceTree = "<group>"; };
		7EAF9C481DC1328A0009E706 /* WishlistVC.swift */ = {isa = PBXFileReference; fileEncoding = 4; lastKnownFileType = sourcecode.swift; path = WishlistVC.swift; sourceTree = "<group>"; };
		7EAF9C491DC1328A0009E706 /* WishlistVC.xib */ = {isa = PBXFileReference; fileEncoding = 4; lastKnownFileType = file.xib; name = WishlistVC.xib; path = ../Controller/WishlistVC.xib; sourceTree = "<group>"; };
		7EAF9C4C1DC132990009E706 /* SettingsVC.swift */ = {isa = PBXFileReference; fileEncoding = 4; lastKnownFileType = sourcecode.swift; path = SettingsVC.swift; sourceTree = "<group>"; };
		7EAF9C4D1DC132990009E706 /* SettingsVC.xib */ = {isa = PBXFileReference; fileEncoding = 4; lastKnownFileType = file.xib; name = SettingsVC.xib; path = ../Controller/SettingsVC.xib; sourceTree = "<group>"; };
		7EAF9C501DC139040009E706 /* round.png */ = {isa = PBXFileReference; lastKnownFileType = image.png; path = round.png; sourceTree = "<group>"; };
/* End PBXFileReference section */

/* Begin PBXFrameworksBuildPhase section */
		7E15997B1DC1018400262AE9 /* Frameworks */ = {
			isa = PBXFrameworksBuildPhase;
			buildActionMask = 2147483647;
			files = (
			);
			runOnlyForDeploymentPostprocessing = 0;
		};
/* End PBXFrameworksBuildPhase section */

/* Begin PBXGroup section */
		7E1599751DC1018400262AE9 = {
			isa = PBXGroup;
			children = (
				7E1599801DC1018400262AE9 /* WAH Kiosk */,
				7E15997F1DC1018400262AE9 /* Products */,
			);
			sourceTree = "<group>";
		};
		7E15997F1DC1018400262AE9 /* Products */ = {
			isa = PBXGroup;
			children = (
				7E15997E1DC1018400262AE9 /* WAH Kiosk.app */,
			);
			name = Products;
			sourceTree = "<group>";
		};
		7E1599801DC1018400262AE9 /* WAH Kiosk */ = {
			isa = PBXGroup;
			children = (
				7E1599931DC101A400262AE9 /* HUD */,
				7EAF9C211DC11B7A0009E706 /* Controller */,
				7EAF9C221DC11B7A0009E706 /* Model */,
				7EAF9C231DC11B7A0009E706 /* View */,
				7E1599961DC10E8200262AE9 /* Images */,
				7E1599811DC1018400262AE9 /* AppDelegate.swift */,
				7EAF9C241DC11B910009E706 /* MainVC.swift */,
				7E1599851DC1018400262AE9 /* Main.storyboard */,
				7E1599881DC1018400262AE9 /* Assets.xcassets */,
				7E15998A1DC1018400262AE9 /* LaunchScreen.storyboard */,
				7E15998D1DC1018400262AE9 /* Info.plist */,
			);
			path = "WAH Kiosk";
			sourceTree = "<group>";
		};
		7E1599931DC101A400262AE9 /* HUD */ = {
			isa = PBXGroup;
			children = (
				7E1599941DC101C000262AE9 /* LGProgressHUD.swift */,
			);
			path = HUD;
			sourceTree = "<group>";
		};
		7E1599961DC10E8200262AE9 /* Images */ = {
			isa = PBXGroup;
			children = (
				7EAF9C501DC139040009E706 /* round.png */,
				7E1599971DC10E8200262AE9 /* add_friend.png */,
				7E1599981DC10E8200262AE9 /* add_friend@2x.png */,
				7E1599991DC10E8200262AE9 /* add_friend@3x.png */,
				7E15999A1DC10E8200262AE9 /* backbtn.png */,
				7E15999B1DC10E8200262AE9 /* backbtn@2x.png */,
				7E15999C1DC10E8200262AE9 /* cart.png */,
				7E15999D1DC10E8200262AE9 /* cart@2x.png */,
				7E15999E1DC10E8200262AE9 /* cart@3x.png */,
				7E15999F1DC10E8200262AE9 /* checked.png */,
				7E1599A01DC10E8200262AE9 /* checked@2x.png */,
				7E1599A11DC10E8200262AE9 /* checked@3x.png */,
				7E1599A21DC10E8200262AE9 /* confirm.png */,
				7E1599A31DC10E8200262AE9 /* confirm@2x.png */,
				7E1599A41DC10E8200262AE9 /* confirm@3x.png */,
				7E1599A51DC10E8200262AE9 /* favfull.png */,
				7E1599A61DC10E8200262AE9 /* favfull@2x.png */,
				7E1599A71DC10E8200262AE9 /* favfull@3x.png */,
				7E1599A81DC10E8200262AE9 /* favicon.png */,
				7E1599A91DC10E8200262AE9 /* favicon@2x.png */,
				7E1599AA1DC10E8200262AE9 /* favicon@3x.png */,
				7E1599AB1DC10E8200262AE9 /* goods.png */,
				7E1599AC1DC10E8200262AE9 /* goods@2x.png */,
				7E1599AD1DC10E8200262AE9 /* goods@3x.png */,
				7E1599AE1DC10E8200262AE9 /* gray_circle.png */,
				7E1599AF1DC10E8200262AE9 /* gray_circle@2x.png */,
				7E1599B01DC10E8200262AE9 /* gray_circle@3x.png */,
				7E1599B11DC10E8200262AE9 /* home.png */,
				7E1599B21DC10E8200262AE9 /* home@2x.png */,
				7E1599B31DC10E8200262AE9 /* home@3x.png */,
				7E1599B41DC10E8200262AE9 /* pick_bg.png */,
				7E1599B51DC10E8200262AE9 /* pick_bg@2x.png */,
				7E1599B61DC10E8200262AE9 /* pick_bg@3x.png */,
				7E1599B71DC10E8200262AE9 /* quanicon.png */,
				7E1599B81DC10E8200262AE9 /* quanicon@2x.png */,
				7E1599B91DC10E8200262AE9 /* quanicon@3x.png */,
				7E1599BA1DC10E8200262AE9 /* remove_friend.png */,
				7E1599BB1DC10E8200262AE9 /* remove_friend@2x.png */,
				7E1599BC1DC10E8200262AE9 /* remove_friend@3x.png */,
				7E1599BD1DC10E8200262AE9 /* share.png */,
				7E1599BE1DC10E8200262AE9 /* share@2x.png */,
				7E1599BF1DC10E8200262AE9 /* share@3x.png */,
				7E1599C01DC10E8200262AE9 /* star-empty.png */,
				7E1599C11DC10E8200262AE9 /* star-empty@2x.png */,
				7E1599C21DC10E8200262AE9 /* star-full.png */,
				7E1599C31DC10E8200262AE9 /* star-full@2x.png */,
				7E1599C41DC10E8200262AE9 /* tablearrow.png */,
				7E1599C51DC10E8200262AE9 /* tablearrow@2x.png */,
				7E1599C61DC10E8200262AE9 /* tablearrow@3x.png */,
				7E1599C71DC10E8200262AE9 /* uncheck.png */,
				7E1599C81DC10E8200262AE9 /* uncheck@2x.png */,
				7E1599C91DC10E8200262AE9 /* uncheck@3x.png */,
				7E1599CA1DC10E8200262AE9 /* uparrow.png */,
				7E1599CB1DC10E8200262AE9 /* uparrow@2x.png */,
			);
			path = Images;
			sourceTree = "<group>";
		};
		7EAF9C211DC11B7A0009E706 /* Controller */ = {
			isa = PBXGroup;
			children = (
				7EAF9C3C1DC1323C0009E706 /* NewsVC.swift */,
				7EAF9C401DC132640009E706 /* DiscountVC.swift */,
				7EAF9C441DC132740009E706 /* HomeVC.swift */,
				7EAF9C481DC1328A0009E706 /* WishlistVC.swift */,
				7EAF9C4C1DC132990009E706 /* SettingsVC.swift */,
			);
			path = Controller;
			sourceTree = "<group>";
		};
		7EAF9C221DC11B7A0009E706 /* Model */ = {
			isa = PBXGroup;
			children = (
			);
			path = Model;
			sourceTree = "<group>";
		};
		7EAF9C231DC11B7A0009E706 /* View */ = {
			isa = PBXGroup;
			children = (
				7EAF9C3D1DC1323C0009E706 /* NewsVC.xib */,
				7EAF9C411DC132640009E706 /* DiscountVC.xib */,
				7EAF9C451DC132740009E706 /* HomeVC.xib */,
				7EAF9C491DC1328A0009E706 /* WishlistVC.xib */,
				7EAF9C4D1DC132990009E706 /* SettingsVC.xib */,
			);
			path = View;
			sourceTree = "<group>";
		};
/* End PBXGroup section */

/* Begin PBXNativeTarget section */
		7E15997D1DC1018400262AE9 /* WAH Kiosk */ = {
			isa = PBXNativeTarget;
			buildConfigurationList = 7E1599901DC1018400262AE9 /* Build configuration list for PBXNativeTarget "WAH Kiosk" */;
			buildPhases = (
				7E15997A1DC1018400262AE9 /* Sources */,
				7E15997B1DC1018400262AE9 /* Frameworks */,
				7E15997C1DC1018400262AE9 /* Resources */,
			);
			buildRules = (
			);
			dependencies = (
			);
			name = "WAH Kiosk";
			productName = "WAH Kiosk";
			productReference = 7E15997E1DC1018400262AE9 /* WAH Kiosk.app */;
			productType = "com.apple.product-type.application";
		};
/* End PBXNativeTarget section */

/* Begin PBXProject section */
		7E1599761DC1018400262AE9 /* Project object */ = {
			isa = PBXProject;
			attributes = {
				LastSwiftUpdateCheck = 0800;
				LastUpgradeCheck = 0800;
				ORGANIZATIONNAME = Bogdan;
				TargetAttributes = {
					7E15997D1DC1018400262AE9 = {
						CreatedOnToolsVersion = 8.0;
						ProvisioningStyle = Automatic;
					};
				};
			};
			buildConfigurationList = 7E1599791DC1018400262AE9 /* Build configuration list for PBXProject "WAH Kiosk" */;
			compatibilityVersion = "Xcode 3.2";
			developmentRegion = English;
			hasScannedForEncodings = 0;
			knownRegions = (
				en,
				Base,
			);
			mainGroup = 7E1599751DC1018400262AE9;
			productRefGroup = 7E15997F1DC1018400262AE9 /* Products */;
			projectDirPath = "";
			projectRoot = "";
			targets = (
				7E15997D1DC1018400262AE9 /* WAH Kiosk */,
			);
		};
/* End PBXProject section */

/* Begin PBXResourcesBuildPhase section */
		7E15997C1DC1018400262AE9 /* Resources */ = {
			isa = PBXResourcesBuildPhase;
			buildActionMask = 2147483647;
			files = (
				7E1599EF1DC10E8200262AE9 /* remove_friend.png in Resources */,
				7E1599F41DC10E8200262AE9 /* share@3x.png in Resources */,
				7E1599E01DC10E8200262AE9 /* goods.png in Resources */,
				7E1599DC1DC10E8200262AE9 /* favfull@3x.png in Resources */,
				7E1599FB1DC10E8200262AE9 /* tablearrow@3x.png in Resources */,
				7E1599E71DC10E8200262AE9 /* home@2x.png in Resources */,
				7E1599D01DC10E8200262AE9 /* backbtn@2x.png in Resources */,
				7E1599DB1DC10E8200262AE9 /* favfull@2x.png in Resources */,
				7EAF9C4F1DC132990009E706 /* SettingsVC.xib in Resources */,
				7E1599F81DC10E8200262AE9 /* star-full@2x.png in Resources */,
				7E1599F01DC10E8200262AE9 /* remove_friend@2x.png in Resources */,
				7E15998C1DC1018400262AE9 /* LaunchScreen.storyboard in Resources */,
				7E159A001DC10E8200262AE9 /* uparrow@2x.png in Resources */,
				7E1599D11DC10E8200262AE9 /* cart.png in Resources */,
				7E1599D91DC10E8200262AE9 /* confirm@3x.png in Resources */,
				7E1599DF1DC10E8200262AE9 /* favicon@3x.png in Resources */,
				7E1599F71DC10E8200262AE9 /* star-full.png in Resources */,
				7E1599EC1DC10E8200262AE9 /* quanicon.png in Resources */,
				7E1599CE1DC10E8200262AE9 /* add_friend@3x.png in Resources */,
				7E1599EA1DC10E8200262AE9 /* pick_bg@2x.png in Resources */,
				7E1599E91DC10E8200262AE9 /* pick_bg.png in Resources */,
				7E1599CC1DC10E8200262AE9 /* add_friend.png in Resources */,
				7E1599D51DC10E8200262AE9 /* checked@2x.png in Resources */,
				7EAF9C471DC132740009E706 /* HomeVC.xib in Resources */,
				7E1599E31DC10E8200262AE9 /* gray_circle.png in Resources */,
				7E1599CD1DC10E8200262AE9 /* add_friend@2x.png in Resources */,
				7E1599EE1DC10E8200262AE9 /* quanicon@3x.png in Resources */,
				7E1599F11DC10E8200262AE9 /* remove_friend@3x.png in Resources */,
				7E1599F61DC10E8200262AE9 /* star-empty@2x.png in Resources */,
				7E1599DA1DC10E8200262AE9 /* favfull.png in Resources */,
				7E1599DE1DC10E8200262AE9 /* favicon@2x.png in Resources */,
				7E1599D31DC10E8200262AE9 /* cart@3x.png in Resources */,
				7EAF9C4B1DC1328A0009E706 /* WishlistVC.xib in Resources */,
				7E1599D71DC10E8200262AE9 /* confirm.png in Resources */,
				7E1599F91DC10E8200262AE9 /* tablearrow.png in Resources */,
				7E1599E81DC10E8200262AE9 /* home@3x.png in Resources */,
				7E1599E51DC10E8200262AE9 /* gray_circle@3x.png in Resources */,
				7E1599ED1DC10E8200262AE9 /* quanicon@2x.png in Resources */,
				7E1599FA1DC10E8200262AE9 /* tablearrow@2x.png in Resources */,
				7E1599FE1DC10E8200262AE9 /* uncheck@3x.png in Resources */,
				7EAF9C431DC132640009E706 /* DiscountVC.xib in Resources */,
				7E1599FD1DC10E8200262AE9 /* uncheck@2x.png in Resources */,
				7E1599D81DC10E8200262AE9 /* confirm@2x.png in Resources */,
				7E1599CF1DC10E8200262AE9 /* backbtn.png in Resources */,
				7E1599891DC1018400262AE9 /* Assets.xcassets in Resources */,
				7E1599FF1DC10E8200262AE9 /* uparrow.png in Resources */,
				7E1599F51DC10E8200262AE9 /* star-empty.png in Resources */,
				7E1599FC1DC10E8200262AE9 /* uncheck.png in Resources */,
				7E1599F31DC10E8200262AE9 /* share@2x.png in Resources */,
				7E1599F21DC10E8200262AE9 /* share.png in Resources */,
				7E1599D41DC10E8200262AE9 /* checked.png in Resources */,
				7E1599DD1DC10E8200262AE9 /* favicon.png in Resources */,
				7E1599E11DC10E8200262AE9 /* goods@2x.png in Resources */,
				7E1599E41DC10E8200262AE9 /* gray_circle@2x.png in Resources */,
				7E1599EB1DC10E8200262AE9 /* pick_bg@3x.png in Resources */,
				7EAF9C3F1DC1323C0009E706 /* NewsVC.xib in Resources */,
				7E1599D21DC10E8200262AE9 /* cart@2x.png in Resources */,
				7E1599E61DC10E8200262AE9 /* home.png in Resources */,
				7EAF9C511DC139040009E706 /* round.png in Resources */,
				7E1599871DC1018400262AE9 /* Main.storyboard in Resources */,
				7E1599E21DC10E8200262AE9 /* goods@3x.png in Resources */,
				7E1599D61DC10E8200262AE9 /* checked@3x.png in Resources */,
			);
			runOnlyForDeploymentPostprocessing = 0;
		};
/* End PBXResourcesBuildPhase section */

/* Begin PBXSourcesBuildPhase section */
		7E15997A1DC1018400262AE9 /* Sources */ = {
			isa = PBXSourcesBuildPhase;
			buildActionMask = 2147483647;
			files = (
				7EAF9C251DC11B910009E706 /* MainVC.swift in Sources */,
				7EAF9C3E1DC1323C0009E706 /* NewsVC.swift in Sources */,
				7EAF9C4A1DC1328A0009E706 /* WishlistVC.swift in Sources */,
				7E1599951DC101C000262AE9 /* LGProgressHUD.swift in Sources */,
				7EAF9C461DC132740009E706 /* HomeVC.swift in Sources */,
				7EAF9C4E1DC132990009E706 /* SettingsVC.swift in Sources */,
				7EAF9C421DC132640009E706 /* DiscountVC.swift in Sources */,
				7E1599821DC1018400262AE9 /* AppDelegate.swift in Sources */,
			);
			runOnlyForDeploymentPostprocessing = 0;
		};
/* End PBXSourcesBuildPhase section */

/* Begin PBXVariantGroup section */
		7E1599851DC1018400262AE9 /* Main.storyboard */ = {
			isa = PBXVariantGroup;
			children = (
				7E1599861DC1018400262AE9 /* Base */,
			);
			name = Main.storyboard;
			sourceTree = "<group>";
		};
		7E15998A1DC1018400262AE9 /* LaunchScreen.storyboard */ = {
			isa = PBXVariantGroup;
			children = (
				7E15998B1DC1018400262AE9 /* Base */,
			);
			name = LaunchScreen.storyboard;
			sourceTree = "<group>";
		};
/* End PBXVariantGroup section */

/* Begin XCBuildConfiguration section */
		7E15998E1DC1018400262AE9 /* Debug */ = {
			isa = XCBuildConfiguration;
			buildSettings = {
				ALWAYS_SEARCH_USER_PATHS = NO;
				CLANG_ANALYZER_NONNULL = YES;
				CLANG_CXX_LANGUAGE_STANDARD = "gnu++0x";
				CLANG_CXX_LIBRARY = "libc++";
				CLANG_ENABLE_MODULES = YES;
				CLANG_ENABLE_OBJC_ARC = YES;
				CLANG_WARN_BOOL_CONVERSION = YES;
				CLANG_WARN_CONSTANT_CONVERSION = YES;
				CLANG_WARN_DIRECT_OBJC_ISA_USAGE = YES_ERROR;
				CLANG_WARN_DOCUMENTATION_COMMENTS = YES;
				CLANG_WARN_EMPTY_BODY = YES;
				CLANG_WARN_ENUM_CONVERSION = YES;
				CLANG_WARN_INFINITE_RECURSION = YES;
				CLANG_WARN_INT_CONVERSION = YES;
				CLANG_WARN_OBJC_ROOT_CLASS = YES_ERROR;
				CLANG_WARN_SUSPICIOUS_MOVES = YES;
				CLANG_WARN_UNREACHABLE_CODE = YES;
				CLANG_WARN__DUPLICATE_METHOD_MATCH = YES;
				"CODE_SIGN_IDENTITY[sdk=iphoneos*]" = "iPhone Developer";
				COPY_PHASE_STRIP = NO;
				DEBUG_INFORMATION_FORMAT = dwarf;
				ENABLE_STRICT_OBJC_MSGSEND = YES;
				ENABLE_TESTABILITY = YES;
				GCC_C_LANGUAGE_STANDARD = gnu99;
				GCC_DYNAMIC_NO_PIC = NO;
				GCC_NO_COMMON_BLOCKS = YES;
				GCC_OPTIMIZATION_LEVEL = 0;
				GCC_PREPROCESSOR_DEFINITIONS = (
					"DEBUG=1",
					"$(inherited)",
				);
				GCC_WARN_64_TO_32_BIT_CONVERSION = YES;
				GCC_WARN_ABOUT_RETURN_TYPE = YES_ERROR;
				GCC_WARN_UNDECLARED_SELECTOR = YES;
				GCC_WARN_UNINITIALIZED_AUTOS = YES_AGGRESSIVE;
				GCC_WARN_UNUSED_FUNCTION = YES;
				GCC_WARN_UNUSED_VARIABLE = YES;
				IPHONEOS_DEPLOYMENT_TARGET = 10.0;
				MTL_ENABLE_DEBUG_INFO = YES;
				ONLY_ACTIVE_ARCH = YES;
				SDKROOT = iphoneos;
				SWIFT_ACTIVE_COMPILATION_CONDITIONS = DEBUG;
				SWIFT_OPTIMIZATION_LEVEL = "-Onone";
				TARGETED_DEVICE_FAMILY = 2;
			};
			name = Debug;
		};
		7E15998F1DC1018400262AE9 /* Release */ = {
			isa = XCBuildConfiguration;
			buildSettings = {
				ALWAYS_SEARCH_USER_PATHS = NO;
				CLANG_ANALYZER_NONNULL = YES;
				CLANG_CXX_LANGUAGE_STANDARD = "gnu++0x";
				CLANG_CXX_LIBRARY = "libc++";
				CLANG_ENABLE_MODULES = YES;
				CLANG_ENABLE_OBJC_ARC = YES;
				CLANG_WARN_BOOL_CONVERSION = YES;
				CLANG_WARN_CONSTANT_CONVERSION = YES;
				CLANG_WARN_DIRECT_OBJC_ISA_USAGE = YES_ERROR;
				CLANG_WARN_DOCUMENTATION_COMMENTS = YES;
				CLANG_WARN_EMPTY_BODY = YES;
				CLANG_WARN_ENUM_CONVERSION = YES;
				CLANG_WARN_INFINITE_RECURSION = YES;
				CLANG_WARN_INT_CONVERSION = YES;
				CLANG_WARN_OBJC_ROOT_CLASS = YES_ERROR;
				CLANG_WARN_SUSPICIOUS_MOVES = YES;
				CLANG_WARN_UNREACHABLE_CODE = YES;
				CLANG_WARN__DUPLICATE_METHOD_MATCH = YES;
				"CODE_SIGN_IDENTITY[sdk=iphoneos*]" = "iPhone Developer";
				COPY_PHASE_STRIP = NO;
				DEBUG_INFORMATION_FORMAT = "dwarf-with-dsym";
				ENABLE_NS_ASSERTIONS = NO;
				ENABLE_STRICT_OBJC_MSGSEND = YES;
				GCC_C_LANGUAGE_STANDARD = gnu99;
				GCC_NO_COMMON_BLOCKS = YES;
				GCC_WARN_64_TO_32_BIT_CONVERSION = YES;
				GCC_WARN_ABOUT_RETURN_TYPE = YES_ERROR;
				GCC_WARN_UNDECLARED_SELECTOR = YES;
				GCC_WARN_UNINITIALIZED_AUTOS = YES_AGGRESSIVE;
				GCC_WARN_UNUSED_FUNCTION = YES;
				GCC_WARN_UNUSED_VARIABLE = YES;
				IPHONEOS_DEPLOYMENT_TARGET = 10.0;
				MTL_ENABLE_DEBUG_INFO = NO;
				SDKROOT = iphoneos;
				SWIFT_OPTIMIZATION_LEVEL = "-Owholemodule";
				TARGETED_DEVICE_FAMILY = 2;
				VALIDATE_PRODUCT = YES;
			};
			name = Release;
		};
		7E1599911DC1018400262AE9 /* Debug */ = {
			isa = XCBuildConfiguration;
			buildSettings = {
				ASSETCATALOG_COMPILER_APPICON_NAME = AppIcon;
				INFOPLIST_FILE = "WAH Kiosk/Info.plist";
				LD_RUNPATH_SEARCH_PATHS = "$(inherited) @executable_path/Frameworks";
				PRODUCT_BUNDLE_IDENTIFIER = "bogdanBetaTest.WAH-Kiosk";
				PRODUCT_NAME = "$(TARGET_NAME)";
				SWIFT_VERSION = 3.0;
			};
			name = Debug;
		};
		7E1599921DC1018400262AE9 /* Release */ = {
			isa = XCBuildConfiguration;
			buildSettings = {
				ASSETCATALOG_COMPILER_APPICON_NAME = AppIcon;
				INFOPLIST_FILE = "WAH Kiosk/Info.plist";
				LD_RUNPATH_SEARCH_PATHS = "$(inherited) @executable_path/Frameworks";
				PRODUCT_BUNDLE_IDENTIFIER = "bogdanBetaTest.WAH-Kiosk";
				PRODUCT_NAME = "$(TARGET_NAME)";
				SWIFT_VERSION = 3.0;
			};
			name = Release;
		};
/* End XCBuildConfiguration section */

/* Begin XCConfigurationList section */
		7E1599791DC1018400262AE9 /* Build configuration list for PBXProject "WAH Kiosk" */ = {
			isa = XCConfigurationList;
			buildConfigurations = (
				7E15998E1DC1018400262AE9 /* Debug */,
				7E15998F1DC1018400262AE9 /* Release */,
			);
			defaultConfigurationIsVisible = 0;
			defaultConfigurationName = Release;
		};
		7E1599901DC1018400262AE9 /* Build configuration list for PBXNativeTarget "WAH Kiosk" */ = {
			isa = XCConfigurationList;
			buildConfigurations = (
				7E1599911DC1018400262AE9 /* Debug */,
				7E1599921DC1018400262AE9 /* Release */,
			);
			defaultConfigurationIsVisible = 0;
			defaultConfigurationName = Release;
		};
/* End XCConfigurationList section */
	};
	rootObject = 7E1599761DC1018400262AE9 /* Project object */;
}
